{
  "object": {
    "pins": [
      {
        "package": "combine-schedulers",
        "repositoryURL": "https://github.com/pointfreeco/combine-schedulers",
        "state": {
          "branch": null,
          "revision": "ae2f434e81017bb7de02c168fb0bde83cd8370c1",
          "version": "0.3.1"
        }
      }
    ]
  },
  "version": 1
}
