{
  "pins" : [
    {
      "identity" : "combine-schedulers",
      "kind" : "remoteSourceControl",
      "location" : "https://github.com/pointfreeco/combine-schedulers",
      "state" : {
        "revision" : "4cf088c29a20f52be0f2ca54992b492c54e0076b",
        "version" : "0.5.3"
      }
    },
    {
      "identity" : "xctest-dynamic-overlay",
      "kind" : "remoteSourceControl",
      "location" : "https://github.com/pointfreeco/xctest-dynamic-overlay",
      "state" : {
        "revision" : "ef8e14e7ce1c0c304c644c6ba365d06c468ded6b",
        "version" : "0.3.3"
      }
    }
  ],
  "version" : 2
}
