// !$*UTF8*$!
{
	archiveVersion = 1;
	classes = {
	};
	objectVersion = 46;
	objects = {

/* Begin PBXAggregateTarget section */
		"CombineExt::CombineExtPackageTests::ProductTarget" /* CombineExtPackageTests */ = {
			isa = PBXAggregateTarget;
			buildConfigurationList = OBJ_32 /* Build configuration list for PBXAggregateTarget "CombineExtPackageTests" */;
			buildPhases = (
			);
			dependencies = (
				OBJ_35 /* PBXTargetDependency */,
			);
			name = CombineExtPackageTests;
			productName = CombineExtPackageTests;
		};
/* End PBXAggregateTarget section */

/* Begin PBXBuildFile section */
		78002BB5241E910C0018AA28 /* Relay.swift in Sources */ = {isa = PBXBuildFile; fileRef = 78002BB4241E910C0018AA28 /* Relay.swift */; };
		78002BB7241E915E0018AA28 /* CurrentValueRelay.swift in Sources */ = {isa = PBXBuildFile; fileRef = 78002BB6241E915E0018AA28 /* CurrentValueRelay.swift */; };
		78002BB9241E91D70018AA28 /* PassthroughRelay.swift in Sources */ = {isa = PBXBuildFile; fileRef = 78002BB8241E91D70018AA28 /* PassthroughRelay.swift */; };
		78002BBB241E97350018AA28 /* CurrentValueRelayTests.swift in Sources */ = {isa = PBXBuildFile; fileRef = 78002BBA241E97350018AA28 /* CurrentValueRelayTests.swift */; };
		788CD8F5242F9DFB0015B3C7 /* AmbTests.swift in Sources */ = {isa = PBXBuildFile; fileRef = 788CD8F4242F9DFB0015B3C7 /* AmbTests.swift */; };
		788CD8FB2431228C0015B3C7 /* Amb.swift in Sources */ = {isa = PBXBuildFile; fileRef = 788CD8FA2431228C0015B3C7 /* Amb.swift */; };
		78988A1E241EAFDD00F3A4AF /* PassthroughRelayTests.swift in Sources */ = {isa = PBXBuildFile; fileRef = 78988A1D241EAFDD00F3A4AF /* PassthroughRelayTests.swift */; };
		78988A20241EB0FE00F3A4AF /* CombineExt.framework in Frameworks */ = {isa = PBXBuildFile; fileRef = "CombineExt::CombineExt::Product" /* CombineExt.framework */; };
		78988A23241FFE2400F3A4AF /* Partition.swift in Sources */ = {isa = PBXBuildFile; fileRef = 78988A22241FFE2400F3A4AF /* Partition.swift */; };
		78988A25241FFE2E00F3A4AF /* PartitionTests.swift in Sources */ = {isa = PBXBuildFile; fileRef = 78988A24241FFE2E00F3A4AF /* PartitionTests.swift */; };
		78AA9297241B8532009BD68B /* AssignToManyTests.swift in Sources */ = {isa = PBXBuildFile; fileRef = 78AA9296241B8532009BD68B /* AssignToManyTests.swift */; };
		78AA9299241B8C45009BD68B /* DemandBuffer.swift in Sources */ = {isa = PBXBuildFile; fileRef = 78AA9298241B8C45009BD68B /* DemandBuffer.swift */; };
		78C193CF241C16C40001B7FD /* FlatMapLatest.swift in Sources */ = {isa = PBXBuildFile; fileRef = 78C193CE241C16C40001B7FD /* FlatMapLatest.swift */; };
		78C193D2241C1B750001B7FD /* FlatMapLatestTests.swift in Sources */ = {isa = PBXBuildFile; fileRef = 78C193D0241C1B450001B7FD /* FlatMapLatestTests.swift */; };
		78C193D4241C2DE00001B7FD /* Create.swift in Sources */ = {isa = PBXBuildFile; fileRef = 78C193D3241C2DE00001B7FD /* Create.swift */; };
		78C193D7241C2E580001B7FD /* Event.swift in Sources */ = {isa = PBXBuildFile; fileRef = 78C193D6241C2E580001B7FD /* Event.swift */; };
		78C193D9241CEEA80001B7FD /* CreateTests.swift in Sources */ = {isa = PBXBuildFile; fileRef = 78C193D8241CEEA80001B7FD /* CreateTests.swift */; };
		78C193DC241D0A9F0001B7FD /* Sink.swift in Sources */ = {isa = PBXBuildFile; fileRef = 78C193DB241D0A9F0001B7FD /* Sink.swift */; };
		78C193DE241D46F40001B7FD /* Materialize.swift in Sources */ = {isa = PBXBuildFile; fileRef = 78C193DD241D46F40001B7FD /* Materialize.swift */; };
		78C193E0241D4D8D0001B7FD /* MaterializeTests.swift in Sources */ = {isa = PBXBuildFile; fileRef = 78C193DF241D4D8D0001B7FD /* MaterializeTests.swift */; };
		78C193E2241D596F0001B7FD /* Dematerialize.swift in Sources */ = {isa = PBXBuildFile; fileRef = 78C193E1241D596F0001B7FD /* Dematerialize.swift */; };
		78C193E4241D63620001B7FD /* DematerializeTests.swift in Sources */ = {isa = PBXBuildFile; fileRef = 78C193E3241D63620001B7FD /* DematerializeTests.swift */; };
		AAEAF0E72436D346007C35E0 /* SetOutputType.swift in Sources */ = {isa = PBXBuildFile; fileRef = AAEAF0E62436D346007C35E0 /* SetOutputType.swift */; };
		AAEAF0E92436D785007C35E0 /* SetOutputTypeTests.swift in Sources */ = {isa = PBXBuildFile; fileRef = AAEAF0E82436D785007C35E0 /* SetOutputTypeTests.swift */; };
		BF50924B241FFE8E00600DF4 /* ZipManyTests.swift in Sources */ = {isa = PBXBuildFile; fileRef = BF50924A241FFE8E00600DF4 /* ZipManyTests.swift */; };
		BF8121BC241FF42C006A93B8 /* ZipMany.swift in Sources */ = {isa = PBXBuildFile; fileRef = BF8121BB241FF42C006A93B8 /* ZipMany.swift */; };
		BFB4EA132428256B0096E9E9 /* CombineLatestMany.swift in Sources */ = {isa = PBXBuildFile; fileRef = BFB4EA122428256B0096E9E9 /* CombineLatestMany.swift */; };
		BFB4EA1524283ECF0096E9E9 /* CombineLatestManyTests.swift in Sources */ = {isa = PBXBuildFile; fileRef = BFB4EA1424283ECF0096E9E9 /* CombineLatestManyTests.swift */; };
		DC16910F24281A1800B234C4 /* MapMany.swift in Sources */ = {isa = PBXBuildFile; fileRef = DC16910E24281A1800B234C4 /* MapMany.swift */; };
		DC1691122428228200B234C4 /* MapManyTests.swift in Sources */ = {isa = PBXBuildFile; fileRef = DC1691112428228200B234C4 /* MapManyTests.swift */; };
		OBJ_22 /* AssignToMany.swift in Sources */ = {isa = PBXBuildFile; fileRef = OBJ_9 /* AssignToMany.swift */; };
		OBJ_23 /* WithLatestFrom.swift in Sources */ = {isa = PBXBuildFile; fileRef = OBJ_10 /* WithLatestFrom.swift */; };
		OBJ_30 /* Package.swift in Sources */ = {isa = PBXBuildFile; fileRef = OBJ_6 /* Package.swift */; };
		OBJ_41 /* WithLatestFromTests.swift in Sources */ = {isa = PBXBuildFile; fileRef = OBJ_12 /* WithLatestFromTests.swift */; };
/* End PBXBuildFile section */

/* Begin PBXContainerItemProxy section */
		78AA9295241B8507009BD68B /* PBXContainerItemProxy */ = {
			isa = PBXContainerItemProxy;
			containerPortal = OBJ_1 /* Project object */;
			proxyType = 1;
			remoteGlobalIDString = "CombineExt::CombineExtTests";
			remoteInfo = CombineExtTests;
		};
/* End PBXContainerItemProxy section */

/* Begin PBXFileReference section */
		78002BB4241E910C0018AA28 /* Relay.swift */ = {isa = PBXFileReference; lastKnownFileType = sourcecode.swift; path = Relay.swift; sourceTree = "<group>"; };
		78002BB6241E915E0018AA28 /* CurrentValueRelay.swift */ = {isa = PBXFileReference; lastKnownFileType = sourcecode.swift; path = CurrentValueRelay.swift; sourceTree = "<group>"; };
		78002BB8241E91D70018AA28 /* PassthroughRelay.swift */ = {isa = PBXFileReference; lastKnownFileType = sourcecode.swift; path = PassthroughRelay.swift; sourceTree = "<group>"; };
		78002BBA241E97350018AA28 /* CurrentValueRelayTests.swift */ = {isa = PBXFileReference; lastKnownFileType = sourcecode.swift; path = CurrentValueRelayTests.swift; sourceTree = "<group>"; };
		788CD8F4242F9DFB0015B3C7 /* AmbTests.swift */ = {isa = PBXFileReference; lastKnownFileType = sourcecode.swift; path = AmbTests.swift; sourceTree = "<group>"; };
		788CD8FA2431228C0015B3C7 /* Amb.swift */ = {isa = PBXFileReference; lastKnownFileType = sourcecode.swift; path = Amb.swift; sourceTree = "<group>"; };
		78988A1D241EAFDD00F3A4AF /* PassthroughRelayTests.swift */ = {isa = PBXFileReference; lastKnownFileType = sourcecode.swift; path = PassthroughRelayTests.swift; sourceTree = "<group>"; };
		78988A22241FFE2400F3A4AF /* Partition.swift */ = {isa = PBXFileReference; fileEncoding = 4; lastKnownFileType = sourcecode.swift; path = Partition.swift; sourceTree = "<group>"; };
		78988A24241FFE2E00F3A4AF /* PartitionTests.swift */ = {isa = PBXFileReference; fileEncoding = 4; lastKnownFileType = sourcecode.swift; path = PartitionTests.swift; sourceTree = "<group>"; };
		78AA9296241B8532009BD68B /* AssignToManyTests.swift */ = {isa = PBXFileReference; lastKnownFileType = sourcecode.swift; path = AssignToManyTests.swift; sourceTree = "<group>"; };
		78AA9298241B8C45009BD68B /* DemandBuffer.swift */ = {isa = PBXFileReference; fileEncoding = 4; lastKnownFileType = sourcecode.swift; path = DemandBuffer.swift; sourceTree = "<group>"; };
		78C193CE241C16C40001B7FD /* FlatMapLatest.swift */ = {isa = PBXFileReference; lastKnownFileType = sourcecode.swift; path = FlatMapLatest.swift; sourceTree = "<group>"; };
		78C193D0241C1B450001B7FD /* FlatMapLatestTests.swift */ = {isa = PBXFileReference; lastKnownFileType = sourcecode.swift; path = FlatMapLatestTests.swift; sourceTree = "<group>"; };
		78C193D3241C2DE00001B7FD /* Create.swift */ = {isa = PBXFileReference; lastKnownFileType = sourcecode.swift; path = Create.swift; sourceTree = "<group>"; };
		78C193D6241C2E580001B7FD /* Event.swift */ = {isa = PBXFileReference; lastKnownFileType = sourcecode.swift; path = Event.swift; sourceTree = "<group>"; };
		78C193D8241CEEA80001B7FD /* CreateTests.swift */ = {isa = PBXFileReference; lastKnownFileType = sourcecode.swift; path = CreateTests.swift; sourceTree = "<group>"; };
		78C193DB241D0A9F0001B7FD /* Sink.swift */ = {isa = PBXFileReference; lastKnownFileType = sourcecode.swift; path = Sink.swift; sourceTree = "<group>"; };
		78C193DD241D46F40001B7FD /* Materialize.swift */ = {isa = PBXFileReference; lastKnownFileType = sourcecode.swift; path = Materialize.swift; sourceTree = "<group>"; };
		78C193DF241D4D8D0001B7FD /* MaterializeTests.swift */ = {isa = PBXFileReference; lastKnownFileType = sourcecode.swift; path = MaterializeTests.swift; sourceTree = "<group>"; };
		78C193E1241D596F0001B7FD /* Dematerialize.swift */ = {isa = PBXFileReference; lastKnownFileType = sourcecode.swift; path = Dematerialize.swift; sourceTree = "<group>"; };
		78C193E3241D63620001B7FD /* DematerializeTests.swift */ = {isa = PBXFileReference; lastKnownFileType = sourcecode.swift; path = DematerializeTests.swift; sourceTree = "<group>"; };
		AAEAF0E62436D346007C35E0 /* SetOutputType.swift */ = {isa = PBXFileReference; lastKnownFileType = sourcecode.swift; path = SetOutputType.swift; sourceTree = "<group>"; };
		AAEAF0E82436D785007C35E0 /* SetOutputTypeTests.swift */ = {isa = PBXFileReference; lastKnownFileType = sourcecode.swift; path = SetOutputTypeTests.swift; sourceTree = "<group>"; };
		BF50924A241FFE8E00600DF4 /* ZipManyTests.swift */ = {isa = PBXFileReference; lastKnownFileType = sourcecode.swift; path = ZipManyTests.swift; sourceTree = "<group>"; };
		BF8121BB241FF42C006A93B8 /* ZipMany.swift */ = {isa = PBXFileReference; lastKnownFileType = sourcecode.swift; path = ZipMany.swift; sourceTree = "<group>"; };
		BFB4EA122428256B0096E9E9 /* CombineLatestMany.swift */ = {isa = PBXFileReference; lastKnownFileType = sourcecode.swift; path = CombineLatestMany.swift; sourceTree = "<group>"; };
		BFB4EA1424283ECF0096E9E9 /* CombineLatestManyTests.swift */ = {isa = PBXFileReference; lastKnownFileType = sourcecode.swift; path = CombineLatestManyTests.swift; sourceTree = "<group>"; };
		"CombineExt::CombineExt::Product" /* CombineExt.framework */ = {isa = PBXFileReference; explicitFileType = wrapper.framework; path = CombineExt.framework; sourceTree = BUILT_PRODUCTS_DIR; };
		"CombineExt::CombineExtTests::Product" /* CombineExtTests.xctest */ = {isa = PBXFileReference; lastKnownFileType = file; path = CombineExtTests.xctest; sourceTree = BUILT_PRODUCTS_DIR; };
		DC16910E24281A1800B234C4 /* MapMany.swift */ = {isa = PBXFileReference; lastKnownFileType = sourcecode.swift; path = MapMany.swift; sourceTree = "<group>"; };
		DC1691112428228200B234C4 /* MapManyTests.swift */ = {isa = PBXFileReference; lastKnownFileType = sourcecode.swift; path = MapManyTests.swift; sourceTree = "<group>"; };
		OBJ_10 /* WithLatestFrom.swift */ = {isa = PBXFileReference; lastKnownFileType = sourcecode.swift; path = WithLatestFrom.swift; sourceTree = "<group>"; };
		OBJ_12 /* WithLatestFromTests.swift */ = {isa = PBXFileReference; lastKnownFileType = sourcecode.swift; path = WithLatestFromTests.swift; sourceTree = "<group>"; };
		OBJ_16 /* README.md */ = {isa = PBXFileReference; lastKnownFileType = net.daringfireball.markdown; path = README.md; sourceTree = "<group>"; };
		OBJ_6 /* Package.swift */ = {isa = PBXFileReference; explicitFileType = sourcecode.swift; path = Package.swift; sourceTree = "<group>"; };
		OBJ_9 /* AssignToMany.swift */ = {isa = PBXFileReference; lastKnownFileType = sourcecode.swift; path = AssignToMany.swift; sourceTree = "<group>"; };
/* End PBXFileReference section */

/* Begin PBXFrameworksBuildPhase section */
		OBJ_24 /* Frameworks */ = {
			isa = PBXFrameworksBuildPhase;
			buildActionMask = 0;
			files = (
			);
			runOnlyForDeploymentPostprocessing = 0;
		};
		OBJ_42 /* Frameworks */ = {
			isa = PBXFrameworksBuildPhase;
			buildActionMask = 0;
			files = (
				78988A20241EB0FE00F3A4AF /* CombineExt.framework in Frameworks */,
			);
			runOnlyForDeploymentPostprocessing = 0;
		};
/* End PBXFrameworksBuildPhase section */

/* Begin PBXGroup section */
		78002BB3241E90FE0018AA28 /* Relays */ = {
			isa = PBXGroup;
			children = (
				78002BB4241E910C0018AA28 /* Relay.swift */,
				78002BB6241E915E0018AA28 /* CurrentValueRelay.swift */,
				78002BB8241E91D70018AA28 /* PassthroughRelay.swift */,
			);
			path = Relays;
			sourceTree = "<group>";
		};
		78988A1F241EB0FE00F3A4AF /* Frameworks */ = {
			isa = PBXGroup;
			children = (
			);
			name = Frameworks;
			sourceTree = "<group>";
		};
		78C193D5241C2E4F0001B7FD /* Models */ = {
			isa = PBXGroup;
			children = (
				78C193D6241C2E580001B7FD /* Event.swift */,
			);
			path = Models;
			sourceTree = "<group>";
		};
		78C193DA241D07160001B7FD /* Common */ = {
			isa = PBXGroup;
			children = (
				78AA9298241B8C45009BD68B /* DemandBuffer.swift */,
				78C193DB241D0A9F0001B7FD /* Sink.swift */,
			);
			path = Common;
			sourceTree = "<group>";
		};
		OBJ_11 /* Tests */ = {
			isa = PBXGroup;
			children = (
				OBJ_12 /* WithLatestFromTests.swift */,
				78AA9296241B8532009BD68B /* AssignToManyTests.swift */,
				78C193D0241C1B450001B7FD /* FlatMapLatestTests.swift */,
				78C193D8241CEEA80001B7FD /* CreateTests.swift */,
				78C193DF241D4D8D0001B7FD /* MaterializeTests.swift */,
				78C193E3241D63620001B7FD /* DematerializeTests.swift */,
				78002BBA241E97350018AA28 /* CurrentValueRelayTests.swift */,
				78988A24241FFE2E00F3A4AF /* PartitionTests.swift */,
				78988A1D241EAFDD00F3A4AF /* PassthroughRelayTests.swift */,
				BF50924A241FFE8E00600DF4 /* ZipManyTests.swift */,
				BFB4EA1424283ECF0096E9E9 /* CombineLatestManyTests.swift */,
				DC1691112428228200B234C4 /* MapManyTests.swift */,
				AAEAF0E82436D785007C35E0 /* SetOutputTypeTests.swift */,
				788CD8F4242F9DFB0015B3C7 /* AmbTests.swift */,
			);
			path = Tests;
			sourceTree = SOURCE_ROOT;
		};
		OBJ_13 /* Products */ = {
			isa = PBXGroup;
			children = (
				"CombineExt::CombineExt::Product" /* CombineExt.framework */,
				"CombineExt::CombineExtTests::Product" /* CombineExtTests.xctest */,
			);
			name = Products;
			sourceTree = BUILT_PRODUCTS_DIR;
		};
		OBJ_5 = {
			isa = PBXGroup;
			children = (
				OBJ_6 /* Package.swift */,
				OBJ_7 /* Sources */,
				OBJ_11 /* Tests */,
				OBJ_13 /* Products */,
				OBJ_16 /* README.md */,
				78988A1F241EB0FE00F3A4AF /* Frameworks */,
			);
			sourceTree = "<group>";
		};
		OBJ_7 /* Sources */ = {
			isa = PBXGroup;
			children = (
				78C193DA241D07160001B7FD /* Common */,
				78C193D5241C2E4F0001B7FD /* Models */,
				78002BB3241E90FE0018AA28 /* Relays */,
				OBJ_8 /* Operators */,
			);
			path = Sources;
			sourceTree = SOURCE_ROOT;
		};
		OBJ_8 /* Operators */ = {
			isa = PBXGroup;
			children = (
				OBJ_9 /* AssignToMany.swift */,
				OBJ_10 /* WithLatestFrom.swift */,
				78C193CE241C16C40001B7FD /* FlatMapLatest.swift */,
				78C193D3241C2DE00001B7FD /* Create.swift */,
				78C193DD241D46F40001B7FD /* Materialize.swift */,
				78988A22241FFE2400F3A4AF /* Partition.swift */,
				78C193E1241D596F0001B7FD /* Dematerialize.swift */,
				BF8121BB241FF42C006A93B8 /* ZipMany.swift */,
				BFB4EA122428256B0096E9E9 /* CombineLatestMany.swift */,
				DC16910E24281A1800B234C4 /* MapMany.swift */,
				AAEAF0E62436D346007C35E0 /* SetOutputType.swift */,
				788CD8FA2431228C0015B3C7 /* Amb.swift */,
			);
			path = Operators;
			sourceTree = "<group>";
		};
/* End PBXGroup section */

/* Begin PBXNativeTarget section */
		"CombineExt::CombineExt" /* CombineExt */ = {
			isa = PBXNativeTarget;
			buildConfigurationList = OBJ_18 /* Build configuration list for PBXNativeTarget "CombineExt" */;
			buildPhases = (
				OBJ_21 /* Sources */,
				OBJ_24 /* Frameworks */,
				78002BB1241E5A140018AA28 /* ShellScript */,
			);
			buildRules = (
			);
			dependencies = (
			);
			name = CombineExt;
			productName = CombineExt;
			productReference = "CombineExt::CombineExt::Product" /* CombineExt.framework */;
			productType = "com.apple.product-type.framework";
		};
		"CombineExt::CombineExtTests" /* CombineExtTests */ = {
			isa = PBXNativeTarget;
			buildConfigurationList = OBJ_37 /* Build configuration list for PBXNativeTarget "CombineExtTests" */;
			buildPhases = (
				OBJ_40 /* Sources */,
				OBJ_42 /* Frameworks */,
			);
			buildRules = (
			);
			dependencies = (
			);
			name = CombineExtTests;
			productName = CombineExtTests;
			productReference = "CombineExt::CombineExtTests::Product" /* CombineExtTests.xctest */;
			productType = "com.apple.product-type.bundle.unit-test";
		};
		"CombineExt::SwiftPMPackageDescription" /* CombineExtPackageDescription */ = {
			isa = PBXNativeTarget;
			buildConfigurationList = OBJ_26 /* Build configuration list for PBXNativeTarget "CombineExtPackageDescription" */;
			buildPhases = (
				OBJ_29 /* Sources */,
			);
			buildRules = (
			);
			dependencies = (
			);
			name = CombineExtPackageDescription;
			productName = CombineExtPackageDescription;
			productType = "com.apple.product-type.framework";
		};
/* End PBXNativeTarget section */

/* Begin PBXProject section */
		OBJ_1 /* Project object */ = {
			isa = PBXProject;
			attributes = {
				LastSwiftMigration = 9999;
				LastUpgradeCheck = 9999;
			};
			buildConfigurationList = OBJ_2 /* Build configuration list for PBXProject "CombineExt" */;
			compatibilityVersion = "Xcode 3.2";
			developmentRegion = en;
			hasScannedForEncodings = 0;
			knownRegions = (
				en,
			);
			mainGroup = OBJ_5;
			productRefGroup = OBJ_13 /* Products */;
			projectDirPath = "";
			projectRoot = "";
			targets = (
				"CombineExt::CombineExt" /* CombineExt */,
				"CombineExt::SwiftPMPackageDescription" /* CombineExtPackageDescription */,
				"CombineExt::CombineExtPackageTests::ProductTarget" /* CombineExtPackageTests */,
				"CombineExt::CombineExtTests" /* CombineExtTests */,
			);
		};
/* End PBXProject section */

/* Begin PBXShellScriptBuildPhase section */
		78002BB1241E5A140018AA28 /* ShellScript */ = {
			isa = PBXShellScriptBuildPhase;
			buildActionMask = 2147483647;
			files = (
			);
			inputFileListPaths = (
			);
			inputPaths = (
			);
			outputFileListPaths = (
			);
			outputPaths = (
			);
			runOnlyForDeploymentPostprocessing = 0;
			shellPath = /bin/sh;
			shellScript = "if which swiftlint >/dev/null; then\n  swiftlint\nelse\n  echo \"warning: SwiftLint not installed, download from https://github.com/realm/SwiftLint\"\nfi\n";
		};
/* End PBXShellScriptBuildPhase section */

/* Begin PBXSourcesBuildPhase section */
		OBJ_21 /* Sources */ = {
			isa = PBXSourcesBuildPhase;
			buildActionMask = 0;
			files = (
				DC16910F24281A1800B234C4 /* MapMany.swift in Sources */,
				78C193CF241C16C40001B7FD /* FlatMapLatest.swift in Sources */,
				78C193DC241D0A9F0001B7FD /* Sink.swift in Sources */,
				788CD8FB2431228C0015B3C7 /* Amb.swift in Sources */,
				78002BB9241E91D70018AA28 /* PassthroughRelay.swift in Sources */,
				78AA9299241B8C45009BD68B /* DemandBuffer.swift in Sources */,
				78C193E2241D596F0001B7FD /* Dematerialize.swift in Sources */,
				78002BB7241E915E0018AA28 /* CurrentValueRelay.swift in Sources */,
				78C193DE241D46F40001B7FD /* Materialize.swift in Sources */,
				78988A23241FFE2400F3A4AF /* Partition.swift in Sources */,
				BF8121BC241FF42C006A93B8 /* ZipMany.swift in Sources */,
				78C193D4241C2DE00001B7FD /* Create.swift in Sources */,
				OBJ_22 /* AssignToMany.swift in Sources */,
				AAEAF0E72436D346007C35E0 /* SetOutputType.swift in Sources */,
				78C193D7241C2E580001B7FD /* Event.swift in Sources */,
				OBJ_23 /* WithLatestFrom.swift in Sources */,
				BFB4EA132428256B0096E9E9 /* CombineLatestMany.swift in Sources */,
				78002BB5241E910C0018AA28 /* Relay.swift in Sources */,
			);
			runOnlyForDeploymentPostprocessing = 0;
		};
		OBJ_29 /* Sources */ = {
			isa = PBXSourcesBuildPhase;
			buildActionMask = 0;
			files = (
				OBJ_30 /* Package.swift in Sources */,
			);
			runOnlyForDeploymentPostprocessing = 0;
		};
		OBJ_40 /* Sources */ = {
			isa = PBXSourcesBuildPhase;
			buildActionMask = 0;
			files = (
				78C193D2241C1B750001B7FD /* FlatMapLatestTests.swift in Sources */,
				78AA9297241B8532009BD68B /* AssignToManyTests.swift in Sources */,
				BFB4EA1524283ECF0096E9E9 /* CombineLatestManyTests.swift in Sources */,
				AAEAF0E92436D785007C35E0 /* SetOutputTypeTests.swift in Sources */,
				78988A25241FFE2E00F3A4AF /* PartitionTests.swift in Sources */,
				OBJ_41 /* WithLatestFromTests.swift in Sources */,
				78C193E0241D4D8D0001B7FD /* MaterializeTests.swift in Sources */,
				78002BBB241E97350018AA28 /* CurrentValueRelayTests.swift in Sources */,
				78C193E4241D63620001B7FD /* DematerializeTests.swift in Sources */,
				BF50924B241FFE8E00600DF4 /* ZipManyTests.swift in Sources */,
				788CD8F5242F9DFB0015B3C7 /* AmbTests.swift in Sources */,
				78988A1E241EAFDD00F3A4AF /* PassthroughRelayTests.swift in Sources */,
				DC1691122428228200B234C4 /* MapManyTests.swift in Sources */,
				78C193D9241CEEA80001B7FD /* CreateTests.swift in Sources */,
			);
			runOnlyForDeploymentPostprocessing = 0;
		};
/* End PBXSourcesBuildPhase section */

/* Begin PBXTargetDependency section */
		OBJ_35 /* PBXTargetDependency */ = {
			isa = PBXTargetDependency;
			target = "CombineExt::CombineExtTests" /* CombineExtTests */;
			targetProxy = 78AA9295241B8507009BD68B /* PBXContainerItemProxy */;
		};
/* End PBXTargetDependency section */

/* Begin XCBuildConfiguration section */
		OBJ_19 /* Debug */ = {
			isa = XCBuildConfiguration;
			buildSettings = {
				ENABLE_TESTABILITY = YES;
				FRAMEWORK_SEARCH_PATHS = (
					"$(inherited)",
					"$(PLATFORM_DIR)/Developer/Library/Frameworks",
				);
				HEADER_SEARCH_PATHS = "$(inherited)";
				INFOPLIST_FILE = CombineExt.xcodeproj/CombineExt_Info.plist;
				IPHONEOS_DEPLOYMENT_TARGET = 13.0;
				LD_RUNPATH_SEARCH_PATHS = "$(inherited) $(TOOLCHAIN_DIR)/usr/lib/swift/macosx";
				MACOSX_DEPLOYMENT_TARGET = 10.15;
				OTHER_CFLAGS = "$(inherited)";
				OTHER_LDFLAGS = "$(inherited)";
				OTHER_SWIFT_FLAGS = "$(inherited)";
				PRODUCT_BUNDLE_IDENTIFIER = CombineExt;
				PRODUCT_MODULE_NAME = "$(TARGET_NAME:c99extidentifier)";
				PRODUCT_NAME = "$(TARGET_NAME:c99extidentifier)";
				SKIP_INSTALL = YES;
				SWIFT_ACTIVE_COMPILATION_CONDITIONS = "$(inherited)";
				SWIFT_VERSION = 5.0;
				TARGET_NAME = CombineExt;
				TVOS_DEPLOYMENT_TARGET = 13.0;
				WATCHOS_DEPLOYMENT_TARGET = 6.0;
			};
			name = Debug;
		};
		OBJ_20 /* Release */ = {
			isa = XCBuildConfiguration;
			buildSettings = {
				ENABLE_TESTABILITY = YES;
				FRAMEWORK_SEARCH_PATHS = (
					"$(inherited)",
					"$(PLATFORM_DIR)/Developer/Library/Frameworks",
				);
				HEADER_SEARCH_PATHS = "$(inherited)";
				INFOPLIST_FILE = CombineExt.xcodeproj/CombineExt_Info.plist;
				IPHONEOS_DEPLOYMENT_TARGET = 13.0;
				LD_RUNPATH_SEARCH_PATHS = "$(inherited) $(TOOLCHAIN_DIR)/usr/lib/swift/macosx";
				MACOSX_DEPLOYMENT_TARGET = 10.15;
				OTHER_CFLAGS = "$(inherited)";
				OTHER_LDFLAGS = "$(inherited)";
				OTHER_SWIFT_FLAGS = "$(inherited)";
				PRODUCT_BUNDLE_IDENTIFIER = CombineExt;
				PRODUCT_MODULE_NAME = "$(TARGET_NAME:c99extidentifier)";
				PRODUCT_NAME = "$(TARGET_NAME:c99extidentifier)";
				SKIP_INSTALL = YES;
				SWIFT_ACTIVE_COMPILATION_CONDITIONS = "$(inherited)";
				SWIFT_VERSION = 5.0;
				TARGET_NAME = CombineExt;
				TVOS_DEPLOYMENT_TARGET = 13.0;
				WATCHOS_DEPLOYMENT_TARGET = 6.0;
			};
			name = Release;
		};
		OBJ_27 /* Debug */ = {
			isa = XCBuildConfiguration;
			buildSettings = {
				LD = /usr/bin/true;
				OTHER_SWIFT_FLAGS = "-swift-version 5 -I $(TOOLCHAIN_DIR)/usr/lib/swift/pm/4_2 -target x86_64-apple-macosx10.10 -sdk /Applications/Xcode.app/Contents/Developer/Platforms/MacOSX.platform/Developer/SDKs/MacOSX10.15.sdk -package-description-version 5.1";
				SWIFT_VERSION = 5.0;
			};
			name = Debug;
		};
		OBJ_28 /* Release */ = {
			isa = XCBuildConfiguration;
			buildSettings = {
				LD = /usr/bin/true;
				OTHER_SWIFT_FLAGS = "-swift-version 5 -I $(TOOLCHAIN_DIR)/usr/lib/swift/pm/4_2 -target x86_64-apple-macosx10.10 -sdk /Applications/Xcode.app/Contents/Developer/Platforms/MacOSX.platform/Developer/SDKs/MacOSX10.15.sdk -package-description-version 5.1";
				SWIFT_VERSION = 5.0;
			};
			name = Release;
		};
		OBJ_3 /* Debug */ = {
			isa = XCBuildConfiguration;
			buildSettings = {
				CLANG_ENABLE_OBJC_ARC = YES;
				COMBINE_HIDPI_IMAGES = YES;
				COPY_PHASE_STRIP = NO;
				DEBUG_INFORMATION_FORMAT = dwarf;
				DYLIB_INSTALL_NAME_BASE = "@rpath";
				ENABLE_NS_ASSERTIONS = YES;
				GCC_OPTIMIZATION_LEVEL = 0;
				GCC_PREPROCESSOR_DEFINITIONS = (
					"$(inherited)",
					"SWIFT_PACKAGE=1",
					"DEBUG=1",
				);
				MACOSX_DEPLOYMENT_TARGET = 10.10;
				ONLY_ACTIVE_ARCH = YES;
				OTHER_SWIFT_FLAGS = "$(inherited) -DXcode";
				PRODUCT_NAME = "$(TARGET_NAME)";
				SDKROOT = macosx;
				SUPPORTED_PLATFORMS = "macosx iphoneos iphonesimulator appletvos appletvsimulator watchos watchsimulator";
				SWIFT_ACTIVE_COMPILATION_CONDITIONS = "$(inherited) SWIFT_PACKAGE DEBUG";
				SWIFT_OPTIMIZATION_LEVEL = "-Onone";
				USE_HEADERMAP = NO;
			};
			name = Debug;
		};
		OBJ_33 /* Debug */ = {
			isa = XCBuildConfiguration;
			buildSettings = {
			};
			name = Debug;
		};
		OBJ_34 /* Release */ = {
			isa = XCBuildConfiguration;
			buildSettings = {
			};
			name = Release;
		};
		OBJ_38 /* Debug */ = {
			isa = XCBuildConfiguration;
			buildSettings = {
				CLANG_ENABLE_MODULES = YES;
				EMBEDDED_CONTENT_CONTAINS_SWIFT = YES;
				FRAMEWORK_SEARCH_PATHS = (
					"$(inherited)",
					"$(PLATFORM_DIR)/Developer/Library/Frameworks",
				);
				HEADER_SEARCH_PATHS = "$(inherited)";
				INFOPLIST_FILE = CombineExt.xcodeproj/CombineExtTests_Info.plist;
				IPHONEOS_DEPLOYMENT_TARGET = 13.0;
				LD_RUNPATH_SEARCH_PATHS = "$(inherited) @loader_path/../Frameworks @loader_path/Frameworks";
				MACOSX_DEPLOYMENT_TARGET = 10.15;
				OTHER_CFLAGS = "$(inherited)";
				OTHER_LDFLAGS = "$(inherited)";
				OTHER_SWIFT_FLAGS = "$(inherited)";
				SWIFT_ACTIVE_COMPILATION_CONDITIONS = "$(inherited)";
				SWIFT_VERSION = 5.0;
				TARGET_NAME = CombineExtTests;
				TVOS_DEPLOYMENT_TARGET = 13.0;
				WATCHOS_DEPLOYMENT_TARGET = 6.0;
			};
			name = Debug;
		};
		OBJ_39 /* Release */ = {
			isa = XCBuildConfiguration;
			buildSettings = {
				CLANG_ENABLE_MODULES = YES;
				EMBEDDED_CONTENT_CONTAINS_SWIFT = YES;
				FRAMEWORK_SEARCH_PATHS = (
					"$(inherited)",
					"$(PLATFORM_DIR)/Developer/Library/Frameworks",
				);
				HEADER_SEARCH_PATHS = "$(inherited)";
				INFOPLIST_FILE = CombineExt.xcodeproj/CombineExtTests_Info.plist;
				IPHONEOS_DEPLOYMENT_TARGET = 13.0;
				LD_RUNPATH_SEARCH_PATHS = "$(inherited) @loader_path/../Frameworks @loader_path/Frameworks";
				MACOSX_DEPLOYMENT_TARGET = 10.15;
				OTHER_CFLAGS = "$(inherited)";
				OTHER_LDFLAGS = "$(inherited)";
				OTHER_SWIFT_FLAGS = "$(inherited)";
				SWIFT_ACTIVE_COMPILATION_CONDITIONS = "$(inherited)";
				SWIFT_VERSION = 5.0;
				TARGET_NAME = CombineExtTests;
				TVOS_DEPLOYMENT_TARGET = 13.0;
				WATCHOS_DEPLOYMENT_TARGET = 6.0;
			};
			name = Release;
		};
		OBJ_4 /* Release */ = {
			isa = XCBuildConfiguration;
			buildSettings = {
				CLANG_ENABLE_OBJC_ARC = YES;
				COMBINE_HIDPI_IMAGES = YES;
				COPY_PHASE_STRIP = YES;
				DEBUG_INFORMATION_FORMAT = "dwarf-with-dsym";
				DYLIB_INSTALL_NAME_BASE = "@rpath";
				GCC_OPTIMIZATION_LEVEL = s;
				GCC_PREPROCESSOR_DEFINITIONS = (
					"$(inherited)",
					"SWIFT_PACKAGE=1",
				);
				MACOSX_DEPLOYMENT_TARGET = 10.10;
				OTHER_SWIFT_FLAGS = "$(inherited) -DXcode";
				PRODUCT_NAME = "$(TARGET_NAME)";
				SDKROOT = macosx;
				SUPPORTED_PLATFORMS = "macosx iphoneos iphonesimulator appletvos appletvsimulator watchos watchsimulator";
				SWIFT_ACTIVE_COMPILATION_CONDITIONS = "$(inherited) SWIFT_PACKAGE";
				SWIFT_OPTIMIZATION_LEVEL = "-Owholemodule";
				USE_HEADERMAP = NO;
			};
			name = Release;
		};
/* End XCBuildConfiguration section */

/* Begin XCConfigurationList section */
		OBJ_18 /* Build configuration list for PBXNativeTarget "CombineExt" */ = {
			isa = XCConfigurationList;
			buildConfigurations = (
				OBJ_19 /* Debug */,
				OBJ_20 /* Release */,
			);
			defaultConfigurationIsVisible = 0;
			defaultConfigurationName = Release;
		};
		OBJ_2 /* Build configuration list for PBXProject "CombineExt" */ = {
			isa = XCConfigurationList;
			buildConfigurations = (
				OBJ_3 /* Debug */,
				OBJ_4 /* Release */,
			);
			defaultConfigurationIsVisible = 0;
			defaultConfigurationName = Release;
		};
		OBJ_26 /* Build configuration list for PBXNativeTarget "CombineExtPackageDescription" */ = {
			isa = XCConfigurationList;
			buildConfigurations = (
				OBJ_27 /* Debug */,
				OBJ_28 /* Release */,
			);
			defaultConfigurationIsVisible = 0;
			defaultConfigurationName = Release;
		};
		OBJ_32 /* Build configuration list for PBXAggregateTarget "CombineExtPackageTests" */ = {
			isa = XCConfigurationList;
			buildConfigurations = (
				OBJ_33 /* Debug */,
				OBJ_34 /* Release */,
			);
			defaultConfigurationIsVisible = 0;
			defaultConfigurationName = Release;
		};
		OBJ_37 /* Build configuration list for PBXNativeTarget "CombineExtTests" */ = {
			isa = XCConfigurationList;
			buildConfigurations = (
				OBJ_38 /* Debug */,
				OBJ_39 /* Release */,
			);
			defaultConfigurationIsVisible = 0;
			defaultConfigurationName = Release;
		};
/* End XCConfigurationList section */
	};
	rootObject = OBJ_1 /* Project object */;
}
